PODS:
  - AWSAutoScaling (2.4.12):
    - AWSCore (= 2.4.12)
  - AWSCloudWatch (2.4.12):
    - AWSCore (= 2.4.12)
  - AWSCognito (2.4.12):
    - AWSCore (= 2.4.12)
  - AWSCognitoIdentityProvider (2.4.12):
    - AWSCore (= 2.4.12)
  - AWSCore (2.4.12)
  - AWSLambda (2.4.12):
    - AWSCore (= 2.4.12)
  - AWSS3 (2.4.12):
    - AWSCore (= 2.4.12)
  - CryptoSwift (0.6.6)
  - LoremIpsum (1.0.0)
  - SDWebImage (3.8.2):
    - SDWebImage/Core (= 3.8.2)
  - SDWebImage/Core (3.8.2)
  - SwiftDDP (0.4.0):
    - CryptoSwift (~> 0.6.6)
    - SwiftWebSocket (~> 2.6.5)
    - XCGLogger
  - SwiftWebSocket (2.6.5)
  - TPKeyboardAvoiding (1.3)
  - ViewDeck (3.0.0)
  - XCGLogger (4.0.0):
    - XCGLogger/Core (= 4.0.0)
  - XCGLogger/Core (4.0.0)

DEPENDENCIES:
  - AWSAutoScaling
  - AWSCloudWatch
  - AWSCognito
  - AWSCognitoIdentityProvider
  - AWSLambda
  - AWSS3
  - LoremIpsum
  - SDWebImage (~> 3.8)
  - SwiftDDP (~> 0.4.0)
  - TPKeyboardAvoiding
  - ViewDeck

SPEC CHECKSUMS:
  AWSAutoScaling: 9414a14d57e027794582e04769d222a26a630067
  AWSCloudWatch: b2c61666bfd0bec33bd013ac36b4b825aee7aee2
  AWSCognito: 3c897210f6bfbb04585332388dff2036a3f39540
  AWSCognitoIdentityProvider: 219628dfb0110d9763e18a2f4d6895e9ad963382
  AWSCore: 8ee5b1dc06a0fd562429fe7120113ca93cbfbca6
  AWSLambda: 39c628a20f48bcdb8d9ab469fbfe866236668a62
  AWSS3: 7bb3e095a37ed8334a0b868bbca74ab574b37a4f
  CryptoSwift: 88592381b73f36e192124539390a7c9bacda76af
  LoremIpsum: 9029c55d36501b2ee0b05cc9ecda11d3a0479160
  SDWebImage: 098e97e6176540799c27e804c96653ee0833d13c
  SwiftDDP: b575009a2c83bde917b9f2f00decada31cefd7ef
  SwiftWebSocket: 1ef8a0efb023544643bdf480c1ec4a62b204f293
  TPKeyboardAvoiding: a5138f318c06fb3e151f886e18ce4a72695d9cbe
  ViewDeck: 9ad8c4ca95ffe21245ee411515c424807e6c7cfa
  XCGLogger: 38063ea89b4c8b23232d18efd2e12eb0005f3ea4

PODFILE CHECKSUM: ce6b198a2ae8024e6979b041c96a71a28cea38f4

COCOAPODS: 1.1.1
